
Microsoft Visual Studio Solution File, Format Version 12.00
# Visual Studio Version 17
VisualStudioVersion = 17.2.32616.157
MinimumVisualStudioVersion = 10.0.40219.1
Project("{FAE04EC0-301F-11D3-BF4B-00C04F79EFBC}") = "PSolving", "PSolving\PSolving.csproj", "{EDE3CACC-51AD-429F-977F-6D5AE9636484}"
EndProject
Global
	GlobalSection(SolutionConfigurationPlatforms) = preSolution
		Debug|Any CPU = Debug|Any CPU
		Release|Any CPU = Release|Any CPU
	EndGlobalSection
	GlobalSection(ProjectConfigurationPlatforms) = postSolution
		{EDE3CACC-51AD-429F-977F-6D5AE9636484}.Debug|Any CPU.ActiveCfg = Debug|Any CPU
		{EDE3CACC-51AD-429F-977F-6D5AE9636484}.Debug|Any CPU.Build.0 = Debug|Any CPU
		{EDE3CACC-51AD-429F-977F-6D5AE9636484}.Release|Any CPU.ActiveCfg = Release|Any CPU
		{EDE3CACC-51AD-429F-977F-6D5AE9636484}.Release|Any CPU.Build.0 = Release|Any CPU
	EndGlobalSection
	GlobalSection(SolutionProperties) = preSolution
		HideSolutionNode = FALSE
	EndGlobalSection
	GlobalSection(ExtensibilityGlobals) = postSolution
		SolutionGuid = {D6DEEC25-457F-4BFC-86AB-C4B2D87B5B27}
	EndGlobalSection
EndGlobal
